
Microsoft Visual Studio Solution File, Format Version 12.00
# Visual Studio Version 16
VisualStudioVersion = 16.0.31205.134
MinimumVisualStudioVersion = 10.0.40219.1
Project("{FAE04EC0-301F-11D3-BF4B-00C04F79EFBC}") = "SquirrelCake.Application", "SquirrelCake.Application\SquirrelCake.Application.csproj", "{C937F674-6912-469B-835B-9FFA222F9C93}"
EndProject
Global
	GlobalSection(SolutionConfigurationPlatforms) = preSolution
		Debug|Any CPU = Debug|Any CPU
		Release|Any CPU = Release|Any CPU
	EndGlobalSection
	GlobalSection(ProjectConfigurationPlatforms) = postSolution
		{C937F674-6912-469B-835B-9FFA222F9C93}.Debug|Any CPU.ActiveCfg = Debug|Any CPU
		{C937F674-6912-469B-835B-9FFA222F9C93}.Debug|Any CPU.Build.0 = Debug|Any CPU
		{C937F674-6912-469B-835B-9FFA222F9C93}.Release|Any CPU.ActiveCfg = Release|Any CPU
		{C937F674-6912-469B-835B-9FFA222F9C93}.Release|Any CPU.Build.0 = Release|Any CPU
	EndGlobalSection
	GlobalSection(SolutionProperties) = preSolution
		HideSolutionNode = FALSE
	EndGlobalSection
	GlobalSection(ExtensibilityGlobals) = postSolution
		SolutionGuid = {A4D01F03-2DAE-42FD-9578-F7A02181DD7A}
	EndGlobalSection
EndGlobal
